# This file is automatically @generated by Cargo.
# It is not intended for manual editing.
[[package]]
name = "cala_core"
version = "0.1.1"
source = "registry+https://github.com/rust-lang/crates.io-index"
checksum = "9d933e1b9260f4004415b14831025c4b2b09c5e628c5ad7105b15380ea4f239d"
dependencies = [
 "pasts",
]

[[package]]
name = "pasts"
version = "0.4.0"
source = "registry+https://github.com/rust-lang/crates.io-index"
checksum = "e757c35a2e17447d0c8499811054a274f9d46cd94ec9b526a4ecab0bdb672d87"

[[package]]
name = "whoami"
version = "0.9.0"
dependencies = [
 "cala_core",
]
